
Microsoft Visual Studio Solution File, Format Version 12.00
# Visual Studio 15
VisualStudioVersion = 15.0.26014.0
MinimumVisualStudioVersion = 10.0.40219.1
Project("{FAE04EC0-301F-11D3-BF4B-00C04F79EFBC}") = "Server.RemoteControl", "Server\Server.RemoteControll\Server.RemoteControl.csproj", "{BF5E0026-CD71-43C6-A60B-A3CE1132729D}"
EndProject
Project("{2150E333-8FDC-42A3-9474-1A3956D46DE8}") = "Server", "Server", "{E67AF451-7086-4315-AB0E-BF9172FA5CA6}"
EndProject
Project("{FAE04EC0-301F-11D3-BF4B-00C04F79EFBC}") = "Server.PiApp", "Server\Server.ShaApp\Server.PiApp.csproj", "{743F9D7F-F783-4082-9DCE-DFF70DEB8541}"
EndProject
Project("{FAE04EC0-301F-11D3-BF4B-00C04F79EFBC}") = "Server.Data", "Server\Server.Data\Server.Data.csproj", "{9FA2B078-0E45-4E64-BC59-044CCD607761}"
EndProject
Project("{FAE04EC0-301F-11D3-BF4B-00C04F79EFBC}") = "Server.BackgroundApp", "Server\Server.BackgroundApp\Server.BackgroundApp.csproj", "{23DB3A05-1F20-4A66-B3F4-5AD589555B19}"
EndProject
Project("{2150E333-8FDC-42A3-9474-1A3956D46DE8}") = "Client", "Client", "{4A312B90-6D2D-4A76-946B-E70212A1D4BE}"
EndProject
Project("{FAE04EC0-301F-11D3-BF4B-00C04F79EFBC}") = "Sha.Client.MobileApp.Droid", "Sha.Client.MobileApp.Droid\Sha.Client.MobileApp.Droid.csproj", "{2B05DB09-74C7-4C27-BD41-AED9AB57CEFB}"
EndProject
Project("{FAE04EC0-301F-11D3-BF4B-00C04F79EFBC}") = "Sha.Client.MobileApp", "Sha.Client.MobileApp\Sha.Client.MobileApp.csproj", "{92F400B7-6278-4DC3-AA18-B624CC85265C}"
EndProject
Project("{FAE04EC0-301F-11D3-BF4B-00C04F79EFBC}") = "Sha.Client.MobileApp.UWP", "Sha.Client.MobileApp.UWP\Sha.Client.MobileApp.UWP.csproj", "{309A01F9-DC95-43B1-B31B-E3848FEB3BCD}"
EndProject
Project("{FAE04EC0-301F-11D3-BF4B-00C04F79EFBC}") = "Sha.Client.MobileApp.iOS", "Sha.Client.MobileApp.iOS\Sha.Client.MobileApp.iOS.csproj", "{0BCC67B6-D66F-4942-9565-5F09C91EA4FE}"
EndProject
Global
	GlobalSection(SolutionConfigurationPlatforms) = preSolution
		Ad-Hoc|Any CPU = Ad-Hoc|Any CPU
		Ad-Hoc|ARM = Ad-Hoc|ARM
		Ad-Hoc|iPhone = Ad-Hoc|iPhone
		Ad-Hoc|iPhoneSimulator = Ad-Hoc|iPhoneSimulator
		Ad-Hoc|x64 = Ad-Hoc|x64
		Ad-Hoc|x86 = Ad-Hoc|x86
		AppStore|Any CPU = AppStore|Any CPU
		AppStore|ARM = AppStore|ARM
		AppStore|iPhone = AppStore|iPhone
		AppStore|iPhoneSimulator = AppStore|iPhoneSimulator
		AppStore|x64 = AppStore|x64
		AppStore|x86 = AppStore|x86
		Debug|Any CPU = Debug|Any CPU
		Debug|ARM = Debug|ARM
		Debug|iPhone = Debug|iPhone
		Debug|iPhoneSimulator = Debug|iPhoneSimulator
		Debug|x64 = Debug|x64
		Debug|x86 = Debug|x86
		Release|Any CPU = Release|Any CPU
		Release|ARM = Release|ARM
		Release|iPhone = Release|iPhone
		Release|iPhoneSimulator = Release|iPhoneSimulator
		Release|x64 = Release|x64
		Release|x86 = Release|x86
	EndGlobalSection
	GlobalSection(ProjectConfigurationPlatforms) = postSolution
		{BF5E0026-CD71-43C6-A60B-A3CE1132729D}.Ad-Hoc|Any CPU.ActiveCfg = Release|Any CPU
		{BF5E0026-CD71-43C6-A60B-A3CE1132729D}.Ad-Hoc|Any CPU.Build.0 = Release|Any CPU
		{BF5E0026-CD71-43C6-A60B-A3CE1132729D}.Ad-Hoc|ARM.ActiveCfg = Release|ARM
		{BF5E0026-CD71-43C6-A60B-A3CE1132729D}.Ad-Hoc|ARM.Build.0 = Release|ARM
		{BF5E0026-CD71-43C6-A60B-A3CE1132729D}.Ad-Hoc|iPhone.ActiveCfg = Release|Any CPU
		{BF5E0026-CD71-43C6-A60B-A3CE1132729D}.Ad-Hoc|iPhone.Build.0 = Release|Any CPU
		{BF5E0026-CD71-43C6-A60B-A3CE1132729D}.Ad-Hoc|iPhoneSimulator.ActiveCfg = Release|Any CPU
		{BF5E0026-CD71-43C6-A60B-A3CE1132729D}.Ad-Hoc|iPhoneSimulator.Build.0 = Release|Any CPU
		{BF5E0026-CD71-43C6-A60B-A3CE1132729D}.Ad-Hoc|x64.ActiveCfg = Release|x64
		{BF5E0026-CD71-43C6-A60B-A3CE1132729D}.Ad-Hoc|x64.Build.0 = Release|x64
		{BF5E0026-CD71-43C6-A60B-A3CE1132729D}.Ad-Hoc|x86.ActiveCfg = Release|x86
		{BF5E0026-CD71-43C6-A60B-A3CE1132729D}.Ad-Hoc|x86.Build.0 = Release|x86
		{BF5E0026-CD71-43C6-A60B-A3CE1132729D}.AppStore|Any CPU.ActiveCfg = Release|Any CPU
		{BF5E0026-CD71-43C6-A60B-A3CE1132729D}.AppStore|Any CPU.Build.0 = Release|Any CPU
		{BF5E0026-CD71-43C6-A60B-A3CE1132729D}.AppStore|ARM.ActiveCfg = Release|ARM
		{BF5E0026-CD71-43C6-A60B-A3CE1132729D}.AppStore|ARM.Build.0 = Release|ARM
		{BF5E0026-CD71-43C6-A60B-A3CE1132729D}.AppStore|iPhone.ActiveCfg = Release|Any CPU
		{BF5E0026-CD71-43C6-A60B-A3CE1132729D}.AppStore|iPhone.Build.0 = Release|Any CPU
		{BF5E0026-CD71-43C6-A60B-A3CE1132729D}.AppStore|iPhoneSimulator.ActiveCfg = Release|Any CPU
		{BF5E0026-CD71-43C6-A60B-A3CE1132729D}.AppStore|iPhoneSimulator.Build.0 = Release|Any CPU
		{BF5E0026-CD71-43C6-A60B-A3CE1132729D}.AppStore|x64.ActiveCfg = Release|x64
		{BF5E0026-CD71-43C6-A60B-A3CE1132729D}.AppStore|x64.Build.0 = Release|x64
		{BF5E0026-CD71-43C6-A60B-A3CE1132729D}.AppStore|x86.ActiveCfg = Release|x86
		{BF5E0026-CD71-43C6-A60B-A3CE1132729D}.AppStore|x86.Build.0 = Release|x86
		{BF5E0026-CD71-43C6-A60B-A3CE1132729D}.Debug|Any CPU.ActiveCfg = Debug|Any CPU
		{BF5E0026-CD71-43C6-A60B-A3CE1132729D}.Debug|Any CPU.Build.0 = Debug|Any CPU
		{BF5E0026-CD71-43C6-A60B-A3CE1132729D}.Debug|ARM.ActiveCfg = Debug|ARM
		{BF5E0026-CD71-43C6-A60B-A3CE1132729D}.Debug|ARM.Build.0 = Debug|ARM
		{BF5E0026-CD71-43C6-A60B-A3CE1132729D}.Debug|iPhone.ActiveCfg = Debug|Any CPU
		{BF5E0026-CD71-43C6-A60B-A3CE1132729D}.Debug|iPhone.Build.0 = Debug|Any CPU
		{BF5E0026-CD71-43C6-A60B-A3CE1132729D}.Debug|iPhoneSimulator.ActiveCfg = Debug|Any CPU
		{BF5E0026-CD71-43C6-A60B-A3CE1132729D}.Debug|iPhoneSimulator.Build.0 = Debug|Any CPU
		{BF5E0026-CD71-43C6-A60B-A3CE1132729D}.Debug|x64.ActiveCfg = Debug|x64
		{BF5E0026-CD71-43C6-A60B-A3CE1132729D}.Debug|x64.Build.0 = Debug|x64
		{BF5E0026-CD71-43C6-A60B-A3CE1132729D}.Debug|x86.ActiveCfg = Debug|x86
		{BF5E0026-CD71-43C6-A60B-A3CE1132729D}.Debug|x86.Build.0 = Debug|x86
		{BF5E0026-CD71-43C6-A60B-A3CE1132729D}.Release|Any CPU.ActiveCfg = Release|Any CPU
		{BF5E0026-CD71-43C6-A60B-A3CE1132729D}.Release|Any CPU.Build.0 = Release|Any CPU
		{BF5E0026-CD71-43C6-A60B-A3CE1132729D}.Release|ARM.ActiveCfg = Release|ARM
		{BF5E0026-CD71-43C6-A60B-A3CE1132729D}.Release|ARM.Build.0 = Release|ARM
		{BF5E0026-CD71-43C6-A60B-A3CE1132729D}.Release|iPhone.ActiveCfg = Release|Any CPU
		{BF5E0026-CD71-43C6-A60B-A3CE1132729D}.Release|iPhone.Build.0 = Release|Any CPU
		{BF5E0026-CD71-43C6-A60B-A3CE1132729D}.Release|iPhoneSimulator.ActiveCfg = Release|Any CPU
		{BF5E0026-CD71-43C6-A60B-A3CE1132729D}.Release|iPhoneSimulator.Build.0 = Release|Any CPU
		{BF5E0026-CD71-43C6-A60B-A3CE1132729D}.Release|x64.ActiveCfg = Release|x64
		{BF5E0026-CD71-43C6-A60B-A3CE1132729D}.Release|x64.Build.0 = Release|x64
		{BF5E0026-CD71-43C6-A60B-A3CE1132729D}.Release|x86.ActiveCfg = Release|x86
		{BF5E0026-CD71-43C6-A60B-A3CE1132729D}.Release|x86.Build.0 = Release|x86
		{743F9D7F-F783-4082-9DCE-DFF70DEB8541}.Ad-Hoc|Any CPU.ActiveCfg = Release|x64
		{743F9D7F-F783-4082-9DCE-DFF70DEB8541}.Ad-Hoc|Any CPU.Build.0 = Release|x64
		{743F9D7F-F783-4082-9DCE-DFF70DEB8541}.Ad-Hoc|Any CPU.Deploy.0 = Release|x64
		{743F9D7F-F783-4082-9DCE-DFF70DEB8541}.Ad-Hoc|ARM.ActiveCfg = Release|ARM
		{743F9D7F-F783-4082-9DCE-DFF70DEB8541}.Ad-Hoc|ARM.Build.0 = Release|ARM
		{743F9D7F-F783-4082-9DCE-DFF70DEB8541}.Ad-Hoc|ARM.Deploy.0 = Release|ARM
		{743F9D7F-F783-4082-9DCE-DFF70DEB8541}.Ad-Hoc|iPhone.ActiveCfg = Release|x64
		{743F9D7F-F783-4082-9DCE-DFF70DEB8541}.Ad-Hoc|iPhone.Build.0 = Release|x64
		{743F9D7F-F783-4082-9DCE-DFF70DEB8541}.Ad-Hoc|iPhone.Deploy.0 = Release|x64
		{743F9D7F-F783-4082-9DCE-DFF70DEB8541}.Ad-Hoc|iPhoneSimulator.ActiveCfg = Release|x64
		{743F9D7F-F783-4082-9DCE-DFF70DEB8541}.Ad-Hoc|iPhoneSimulator.Build.0 = Release|x64
		{743F9D7F-F783-4082-9DCE-DFF70DEB8541}.Ad-Hoc|iPhoneSimulator.Deploy.0 = Release|x64
		{743F9D7F-F783-4082-9DCE-DFF70DEB8541}.Ad-Hoc|x64.ActiveCfg = Release|x64
		{743F9D7F-F783-4082-9DCE-DFF70DEB8541}.Ad-Hoc|x64.Build.0 = Release|x64
		{743F9D7F-F783-4082-9DCE-DFF70DEB8541}.Ad-Hoc|x64.Deploy.0 = Release|x64
		{743F9D7F-F783-4082-9DCE-DFF70DEB8541}.Ad-Hoc|x86.ActiveCfg = Release|x86
		{743F9D7F-F783-4082-9DCE-DFF70DEB8541}.Ad-Hoc|x86.Build.0 = Release|x86
		{743F9D7F-F783-4082-9DCE-DFF70DEB8541}.Ad-Hoc|x86.Deploy.0 = Release|x86
		{743F9D7F-F783-4082-9DCE-DFF70DEB8541}.AppStore|Any CPU.ActiveCfg = Release|x64
		{743F9D7F-F783-4082-9DCE-DFF70DEB8541}.AppStore|Any CPU.Build.0 = Release|x64
		{743F9D7F-F783-4082-9DCE-DFF70DEB8541}.AppStore|Any CPU.Deploy.0 = Release|x64
		{743F9D7F-F783-4082-9DCE-DFF70DEB8541}.AppStore|ARM.ActiveCfg = Release|ARM
		{743F9D7F-F783-4082-9DCE-DFF70DEB8541}.AppStore|ARM.Build.0 = Release|ARM
		{743F9D7F-F783-4082-9DCE-DFF70DEB8541}.AppStore|ARM.Deploy.0 = Release|ARM
		{743F9D7F-F783-4082-9DCE-DFF70DEB8541}.AppStore|iPhone.ActiveCfg = Release|x64
		{743F9D7F-F783-4082-9DCE-DFF70DEB8541}.AppStore|iPhone.Build.0 = Release|x64
		{743F9D7F-F783-4082-9DCE-DFF70DEB8541}.AppStore|iPhone.Deploy.0 = Release|x64
		{743F9D7F-F783-4082-9DCE-DFF70DEB8541}.AppStore|iPhoneSimulator.ActiveCfg = Release|x64
		{743F9D7F-F783-4082-9DCE-DFF70DEB8541}.AppStore|iPhoneSimulator.Build.0 = Release|x64
		{743F9D7F-F783-4082-9DCE-DFF70DEB8541}.AppStore|iPhoneSimulator.Deploy.0 = Release|x64
		{743F9D7F-F783-4082-9DCE-DFF70DEB8541}.AppStore|x64.ActiveCfg = Release|x64
		{743F9D7F-F783-4082-9DCE-DFF70DEB8541}.AppStore|x64.Build.0 = Release|x64
		{743F9D7F-F783-4082-9DCE-DFF70DEB8541}.AppStore|x64.Deploy.0 = Release|x64
		{743F9D7F-F783-4082-9DCE-DFF70DEB8541}.AppStore|x86.ActiveCfg = Release|x86
		{743F9D7F-F783-4082-9DCE-DFF70DEB8541}.AppStore|x86.Build.0 = Release|x86
		{743F9D7F-F783-4082-9DCE-DFF70DEB8541}.AppStore|x86.Deploy.0 = Release|x86
		{743F9D7F-F783-4082-9DCE-DFF70DEB8541}.Debug|Any CPU.ActiveCfg = Debug|x86
		{743F9D7F-F783-4082-9DCE-DFF70DEB8541}.Debug|ARM.ActiveCfg = Debug|ARM
		{743F9D7F-F783-4082-9DCE-DFF70DEB8541}.Debug|ARM.Build.0 = Debug|ARM
		{743F9D7F-F783-4082-9DCE-DFF70DEB8541}.Debug|ARM.Deploy.0 = Debug|ARM
		{743F9D7F-F783-4082-9DCE-DFF70DEB8541}.Debug|iPhone.ActiveCfg = Debug|x86
		{743F9D7F-F783-4082-9DCE-DFF70DEB8541}.Debug|iPhoneSimulator.ActiveCfg = Debug|x86
		{743F9D7F-F783-4082-9DCE-DFF70DEB8541}.Debug|x64.ActiveCfg = Debug|x64
		{743F9D7F-F783-4082-9DCE-DFF70DEB8541}.Debug|x64.Build.0 = Debug|x64
		{743F9D7F-F783-4082-9DCE-DFF70DEB8541}.Debug|x64.Deploy.0 = Debug|x64
		{743F9D7F-F783-4082-9DCE-DFF70DEB8541}.Debug|x86.ActiveCfg = Debug|x86
		{743F9D7F-F783-4082-9DCE-DFF70DEB8541}.Debug|x86.Build.0 = Debug|x86
		{743F9D7F-F783-4082-9DCE-DFF70DEB8541}.Debug|x86.Deploy.0 = Debug|x86
		{743F9D7F-F783-4082-9DCE-DFF70DEB8541}.Release|Any CPU.ActiveCfg = Release|x86
		{743F9D7F-F783-4082-9DCE-DFF70DEB8541}.Release|ARM.ActiveCfg = Release|ARM
		{743F9D7F-F783-4082-9DCE-DFF70DEB8541}.Release|ARM.Build.0 = Release|ARM
		{743F9D7F-F783-4082-9DCE-DFF70DEB8541}.Release|ARM.Deploy.0 = Release|ARM
		{743F9D7F-F783-4082-9DCE-DFF70DEB8541}.Release|iPhone.ActiveCfg = Release|x86
		{743F9D7F-F783-4082-9DCE-DFF70DEB8541}.Release|iPhoneSimulator.ActiveCfg = Release|x86
		{743F9D7F-F783-4082-9DCE-DFF70DEB8541}.Release|x64.ActiveCfg = Release|x64
		{743F9D7F-F783-4082-9DCE-DFF70DEB8541}.Release|x64.Build.0 = Release|x64
		{743F9D7F-F783-4082-9DCE-DFF70DEB8541}.Release|x64.Deploy.0 = Release|x64
		{743F9D7F-F783-4082-9DCE-DFF70DEB8541}.Release|x86.ActiveCfg = Release|x86
		{743F9D7F-F783-4082-9DCE-DFF70DEB8541}.Release|x86.Build.0 = Release|x86
		{743F9D7F-F783-4082-9DCE-DFF70DEB8541}.Release|x86.Deploy.0 = Release|x86
		{9FA2B078-0E45-4E64-BC59-044CCD607761}.Ad-Hoc|Any CPU.ActiveCfg = Release|Any CPU
		{9FA2B078-0E45-4E64-BC59-044CCD607761}.Ad-Hoc|Any CPU.Build.0 = Release|Any CPU
		{9FA2B078-0E45-4E64-BC59-044CCD607761}.Ad-Hoc|ARM.ActiveCfg = Release|ARM
		{9FA2B078-0E45-4E64-BC59-044CCD607761}.Ad-Hoc|ARM.Build.0 = Release|ARM
		{9FA2B078-0E45-4E64-BC59-044CCD607761}.Ad-Hoc|iPhone.ActiveCfg = Release|Any CPU
		{9FA2B078-0E45-4E64-BC59-044CCD607761}.Ad-Hoc|iPhone.Build.0 = Release|Any CPU
		{9FA2B078-0E45-4E64-BC59-044CCD607761}.Ad-Hoc|iPhoneSimulator.ActiveCfg = Release|Any CPU
		{9FA2B078-0E45-4E64-BC59-044CCD607761}.Ad-Hoc|iPhoneSimulator.Build.0 = Release|Any CPU
		{9FA2B078-0E45-4E64-BC59-044CCD607761}.Ad-Hoc|x64.ActiveCfg = Release|x64
		{9FA2B078-0E45-4E64-BC59-044CCD607761}.Ad-Hoc|x64.Build.0 = Release|x64
		{9FA2B078-0E45-4E64-BC59-044CCD607761}.Ad-Hoc|x86.ActiveCfg = Release|x86
		{9FA2B078-0E45-4E64-BC59-044CCD607761}.Ad-Hoc|x86.Build.0 = Release|x86
		{9FA2B078-0E45-4E64-BC59-044CCD607761}.AppStore|Any CPU.ActiveCfg = Release|Any CPU
		{9FA2B078-0E45-4E64-BC59-044CCD607761}.AppStore|Any CPU.Build.0 = Release|Any CPU
		{9FA2B078-0E45-4E64-BC59-044CCD607761}.AppStore|ARM.ActiveCfg = Release|ARM
		{9FA2B078-0E45-4E64-BC59-044CCD607761}.AppStore|ARM.Build.0 = Release|ARM
		{9FA2B078-0E45-4E64-BC59-044CCD607761}.AppStore|iPhone.ActiveCfg = Release|Any CPU
		{9FA2B078-0E45-4E64-BC59-044CCD607761}.AppStore|iPhone.Build.0 = Release|Any CPU
		{9FA2B078-0E45-4E64-BC59-044CCD607761}.AppStore|iPhoneSimulator.ActiveCfg = Release|Any CPU
		{9FA2B078-0E45-4E64-BC59-044CCD607761}.AppStore|iPhoneSimulator.Build.0 = Release|Any CPU
		{9FA2B078-0E45-4E64-BC59-044CCD607761}.AppStore|x64.ActiveCfg = Release|x64
		{9FA2B078-0E45-4E64-BC59-044CCD607761}.AppStore|x64.Build.0 = Release|x64
		{9FA2B078-0E45-4E64-BC59-044CCD607761}.AppStore|x86.ActiveCfg = Release|x86
		{9FA2B078-0E45-4E64-BC59-044CCD607761}.AppStore|x86.Build.0 = Release|x86
		{9FA2B078-0E45-4E64-BC59-044CCD607761}.Debug|Any CPU.ActiveCfg = Debug|Any CPU
		{9FA2B078-0E45-4E64-BC59-044CCD607761}.Debug|Any CPU.Build.0 = Debug|Any CPU
		{9FA2B078-0E45-4E64-BC59-044CCD607761}.Debug|ARM.ActiveCfg = Debug|ARM
		{9FA2B078-0E45-4E64-BC59-044CCD607761}.Debug|ARM.Build.0 = Debug|ARM
		{9FA2B078-0E45-4E64-BC59-044CCD607761}.Debug|iPhone.ActiveCfg = Debug|Any CPU
		{9FA2B078-0E45-4E64-BC59-044CCD607761}.Debug|iPhone.Build.0 = Debug|Any CPU
		{9FA2B078-0E45-4E64-BC59-044CCD607761}.Debug|iPhoneSimulator.ActiveCfg = Debug|Any CPU
		{9FA2B078-0E45-4E64-BC59-044CCD607761}.Debug|iPhoneSimulator.Build.0 = Debug|Any CPU
		{9FA2B078-0E45-4E64-BC59-044CCD607761}.Debug|x64.ActiveCfg = Debug|x64
		{9FA2B078-0E45-4E64-BC59-044CCD607761}.Debug|x64.Build.0 = Debug|x64
		{9FA2B078-0E45-4E64-BC59-044CCD607761}.Debug|x86.ActiveCfg = Debug|x86
		{9FA2B078-0E45-4E64-BC59-044CCD607761}.Debug|x86.Build.0 = Debug|x86
		{9FA2B078-0E45-4E64-BC59-044CCD607761}.Release|Any CPU.ActiveCfg = Release|Any CPU
		{9FA2B078-0E45-4E64-BC59-044CCD607761}.Release|Any CPU.Build.0 = Release|Any CPU
		{9FA2B078-0E45-4E64-BC59-044CCD607761}.Release|ARM.ActiveCfg = Release|ARM
		{9FA2B078-0E45-4E64-BC59-044CCD607761}.Release|ARM.Build.0 = Release|ARM
		{9FA2B078-0E45-4E64-BC59-044CCD607761}.Release|iPhone.ActiveCfg = Release|Any CPU
		{9FA2B078-0E45-4E64-BC59-044CCD607761}.Release|iPhone.Build.0 = Release|Any CPU
		{9FA2B078-0E45-4E64-BC59-044CCD607761}.Release|iPhoneSimulator.ActiveCfg = Release|Any CPU
		{9FA2B078-0E45-4E64-BC59-044CCD607761}.Release|iPhoneSimulator.Build.0 = Release|Any CPU
		{9FA2B078-0E45-4E64-BC59-044CCD607761}.Release|x64.ActiveCfg = Release|x64
		{9FA2B078-0E45-4E64-BC59-044CCD607761}.Release|x64.Build.0 = Release|x64
		{9FA2B078-0E45-4E64-BC59-044CCD607761}.Release|x86.ActiveCfg = Release|x86
		{9FA2B078-0E45-4E64-BC59-044CCD607761}.Release|x86.Build.0 = Release|x86
		{23DB3A05-1F20-4A66-B3F4-5AD589555B19}.Ad-Hoc|Any CPU.ActiveCfg = Release|x64
		{23DB3A05-1F20-4A66-B3F4-5AD589555B19}.Ad-Hoc|Any CPU.Build.0 = Release|x64
		{23DB3A05-1F20-4A66-B3F4-5AD589555B19}.Ad-Hoc|Any CPU.Deploy.0 = Release|x64
		{23DB3A05-1F20-4A66-B3F4-5AD589555B19}.Ad-Hoc|ARM.ActiveCfg = Release|ARM
		{23DB3A05-1F20-4A66-B3F4-5AD589555B19}.Ad-Hoc|ARM.Build.0 = Release|ARM
		{23DB3A05-1F20-4A66-B3F4-5AD589555B19}.Ad-Hoc|ARM.Deploy.0 = Release|ARM
		{23DB3A05-1F20-4A66-B3F4-5AD589555B19}.Ad-Hoc|iPhone.ActiveCfg = Release|x64
		{23DB3A05-1F20-4A66-B3F4-5AD589555B19}.Ad-Hoc|iPhone.Build.0 = Release|x64
		{23DB3A05-1F20-4A66-B3F4-5AD589555B19}.Ad-Hoc|iPhone.Deploy.0 = Release|x64
		{23DB3A05-1F20-4A66-B3F4-5AD589555B19}.Ad-Hoc|iPhoneSimulator.ActiveCfg = Release|x64
		{23DB3A05-1F20-4A66-B3F4-5AD589555B19}.Ad-Hoc|iPhoneSimulator.Build.0 = Release|x64
		{23DB3A05-1F20-4A66-B3F4-5AD589555B19}.Ad-Hoc|iPhoneSimulator.Deploy.0 = Release|x64
		{23DB3A05-1F20-4A66-B3F4-5AD589555B19}.Ad-Hoc|x64.ActiveCfg = Release|x64
		{23DB3A05-1F20-4A66-B3F4-5AD589555B19}.Ad-Hoc|x64.Build.0 = Release|x64
		{23DB3A05-1F20-4A66-B3F4-5AD589555B19}.Ad-Hoc|x64.Deploy.0 = Release|x64
		{23DB3A05-1F20-4A66-B3F4-5AD589555B19}.Ad-Hoc|x86.ActiveCfg = Release|x86
		{23DB3A05-1F20-4A66-B3F4-5AD589555B19}.Ad-Hoc|x86.Build.0 = Release|x86
		{23DB3A05-1F20-4A66-B3F4-5AD589555B19}.Ad-Hoc|x86.Deploy.0 = Release|x86
		{23DB3A05-1F20-4A66-B3F4-5AD589555B19}.AppStore|Any CPU.ActiveCfg = Release|x64
		{23DB3A05-1F20-4A66-B3F4-5AD589555B19}.AppStore|Any CPU.Build.0 = Release|x64
		{23DB3A05-1F20-4A66-B3F4-5AD589555B19}.AppStore|Any CPU.Deploy.0 = Release|x64
		{23DB3A05-1F20-4A66-B3F4-5AD589555B19}.AppStore|ARM.ActiveCfg = Release|ARM
		{23DB3A05-1F20-4A66-B3F4-5AD589555B19}.AppStore|ARM.Build.0 = Release|ARM
		{23DB3A05-1F20-4A66-B3F4-5AD589555B19}.AppStore|ARM.Deploy.0 = Release|ARM
		{23DB3A05-1F20-4A66-B3F4-5AD589555B19}.AppStore|iPhone.ActiveCfg = Release|x64
		{23DB3A05-1F20-4A66-B3F4-5AD589555B19}.AppStore|iPhone.Build.0 = Release|x64
		{23DB3A05-1F20-4A66-B3F4-5AD589555B19}.AppStore|iPhone.Deploy.0 = Release|x64
		{23DB3A05-1F20-4A66-B3F4-5AD589555B19}.AppStore|iPhoneSimulator.ActiveCfg = Release|x64
		{23DB3A05-1F20-4A66-B3F4-5AD589555B19}.AppStore|iPhoneSimulator.Build.0 = Release|x64
		{23DB3A05-1F20-4A66-B3F4-5AD589555B19}.AppStore|iPhoneSimulator.Deploy.0 = Release|x64
		{23DB3A05-1F20-4A66-B3F4-5AD589555B19}.AppStore|x64.ActiveCfg = Release|x64
		{23DB3A05-1F20-4A66-B3F4-5AD589555B19}.AppStore|x64.Build.0 = Release|x64
		{23DB3A05-1F20-4A66-B3F4-5AD589555B19}.AppStore|x64.Deploy.0 = Release|x64
		{23DB3A05-1F20-4A66-B3F4-5AD589555B19}.AppStore|x86.ActiveCfg = Release|x86
		{23DB3A05-1F20-4A66-B3F4-5AD589555B19}.AppStore|x86.Build.0 = Release|x86
		{23DB3A05-1F20-4A66-B3F4-5AD589555B19}.AppStore|x86.Deploy.0 = Release|x86
		{23DB3A05-1F20-4A66-B3F4-5AD589555B19}.Debug|Any CPU.ActiveCfg = Debug|x86
		{23DB3A05-1F20-4A66-B3F4-5AD589555B19}.Debug|ARM.ActiveCfg = Debug|ARM
		{23DB3A05-1F20-4A66-B3F4-5AD589555B19}.Debug|ARM.Build.0 = Debug|ARM
		{23DB3A05-1F20-4A66-B3F4-5AD589555B19}.Debug|ARM.Deploy.0 = Debug|ARM
		{23DB3A05-1F20-4A66-B3F4-5AD589555B19}.Debug|iPhone.ActiveCfg = Debug|x86
		{23DB3A05-1F20-4A66-B3F4-5AD589555B19}.Debug|iPhoneSimulator.ActiveCfg = Debug|x86
		{23DB3A05-1F20-4A66-B3F4-5AD589555B19}.Debug|x64.ActiveCfg = Debug|x64
		{23DB3A05-1F20-4A66-B3F4-5AD589555B19}.Debug|x64.Build.0 = Debug|x64
		{23DB3A05-1F20-4A66-B3F4-5AD589555B19}.Debug|x64.Deploy.0 = Debug|x64
		{23DB3A05-1F20-4A66-B3F4-5AD589555B19}.Debug|x86.ActiveCfg = Debug|x86
		{23DB3A05-1F20-4A66-B3F4-5AD589555B19}.Debug|x86.Build.0 = Debug|x86
		{23DB3A05-1F20-4A66-B3F4-5AD589555B19}.Debug|x86.Deploy.0 = Debug|x86
		{23DB3A05-1F20-4A66-B3F4-5AD589555B19}.Release|Any CPU.ActiveCfg = Release|x86
		{23DB3A05-1F20-4A66-B3F4-5AD589555B19}.Release|ARM.ActiveCfg = Release|ARM
		{23DB3A05-1F20-4A66-B3F4-5AD589555B19}.Release|ARM.Build.0 = Release|ARM
		{23DB3A05-1F20-4A66-B3F4-5AD589555B19}.Release|ARM.Deploy.0 = Release|ARM
		{23DB3A05-1F20-4A66-B3F4-5AD589555B19}.Release|iPhone.ActiveCfg = Release|x86
		{23DB3A05-1F20-4A66-B3F4-5AD589555B19}.Release|iPhoneSimulator.ActiveCfg = Release|x86
		{23DB3A05-1F20-4A66-B3F4-5AD589555B19}.Release|x64.ActiveCfg = Release|x64
		{23DB3A05-1F20-4A66-B3F4-5AD589555B19}.Release|x64.Build.0 = Release|x64
		{23DB3A05-1F20-4A66-B3F4-5AD589555B19}.Release|x64.Deploy.0 = Release|x64
		{23DB3A05-1F20-4A66-B3F4-5AD589555B19}.Release|x86.ActiveCfg = Release|x86
		{23DB3A05-1F20-4A66-B3F4-5AD589555B19}.Release|x86.Build.0 = Release|x86
		{23DB3A05-1F20-4A66-B3F4-5AD589555B19}.Release|x86.Deploy.0 = Release|x86
		{2B05DB09-74C7-4C27-BD41-AED9AB57CEFB}.Ad-Hoc|Any CPU.ActiveCfg = Release|Any CPU
		{2B05DB09-74C7-4C27-BD41-AED9AB57CEFB}.Ad-Hoc|Any CPU.Build.0 = Release|Any CPU
		{2B05DB09-74C7-4C27-BD41-AED9AB57CEFB}.Ad-Hoc|Any CPU.Deploy.0 = Release|Any CPU
		{2B05DB09-74C7-4C27-BD41-AED9AB57CEFB}.Ad-Hoc|ARM.ActiveCfg = Release|Any CPU
		{2B05DB09-74C7-4C27-BD41-AED9AB57CEFB}.Ad-Hoc|ARM.Build.0 = Release|Any CPU
		{2B05DB09-74C7-4C27-BD41-AED9AB57CEFB}.Ad-Hoc|ARM.Deploy.0 = Release|Any CPU
		{2B05DB09-74C7-4C27-BD41-AED9AB57CEFB}.Ad-Hoc|iPhone.ActiveCfg = Release|Any CPU
		{2B05DB09-74C7-4C27-BD41-AED9AB57CEFB}.Ad-Hoc|iPhone.Build.0 = Release|Any CPU
		{2B05DB09-74C7-4C27-BD41-AED9AB57CEFB}.Ad-Hoc|iPhone.Deploy.0 = Release|Any CPU
		{2B05DB09-74C7-4C27-BD41-AED9AB57CEFB}.Ad-Hoc|iPhoneSimulator.ActiveCfg = Release|Any CPU
		{2B05DB09-74C7-4C27-BD41-AED9AB57CEFB}.Ad-Hoc|iPhoneSimulator.Build.0 = Release|Any CPU
		{2B05DB09-74C7-4C27-BD41-AED9AB57CEFB}.Ad-Hoc|iPhoneSimulator.Deploy.0 = Release|Any CPU
		{2B05DB09-74C7-4C27-BD41-AED9AB57CEFB}.Ad-Hoc|x64.ActiveCfg = Release|Any CPU
		{2B05DB09-74C7-4C27-BD41-AED9AB57CEFB}.Ad-Hoc|x64.Build.0 = Release|Any CPU
		{2B05DB09-74C7-4C27-BD41-AED9AB57CEFB}.Ad-Hoc|x64.Deploy.0 = Release|Any CPU
		{2B05DB09-74C7-4C27-BD41-AED9AB57CEFB}.Ad-Hoc|x86.ActiveCfg = Release|Any CPU
		{2B05DB09-74C7-4C27-BD41-AED9AB57CEFB}.Ad-Hoc|x86.Build.0 = Release|Any CPU
		{2B05DB09-74C7-4C27-BD41-AED9AB57CEFB}.Ad-Hoc|x86.Deploy.0 = Release|Any CPU
		{2B05DB09-74C7-4C27-BD41-AED9AB57CEFB}.AppStore|Any CPU.ActiveCfg = Release|Any CPU
		{2B05DB09-74C7-4C27-BD41-AED9AB57CEFB}.AppStore|Any CPU.Build.0 = Release|Any CPU
		{2B05DB09-74C7-4C27-BD41-AED9AB57CEFB}.AppStore|Any CPU.Deploy.0 = Release|Any CPU
		{2B05DB09-74C7-4C27-BD41-AED9AB57CEFB}.AppStore|ARM.ActiveCfg = Release|Any CPU
		{2B05DB09-74C7-4C27-BD41-AED9AB57CEFB}.AppStore|ARM.Build.0 = Release|Any CPU
		{2B05DB09-74C7-4C27-BD41-AED9AB57CEFB}.AppStore|ARM.Deploy.0 = Release|Any CPU
		{2B05DB09-74C7-4C27-BD41-AED9AB57CEFB}.AppStore|iPhone.ActiveCfg = Release|Any CPU
		{2B05DB09-74C7-4C27-BD41-AED9AB57CEFB}.AppStore|iPhone.Build.0 = Release|Any CPU
		{2B05DB09-74C7-4C27-BD41-AED9AB57CEFB}.AppStore|iPhone.Deploy.0 = Release|Any CPU
		{2B05DB09-74C7-4C27-BD41-AED9AB57CEFB}.AppStore|iPhoneSimulator.ActiveCfg = Release|Any CPU
		{2B05DB09-74C7-4C27-BD41-AED9AB57CEFB}.AppStore|iPhoneSimulator.Build.0 = Release|Any CPU
		{2B05DB09-74C7-4C27-BD41-AED9AB57CEFB}.AppStore|iPhoneSimulator.Deploy.0 = Release|Any CPU
		{2B05DB09-74C7-4C27-BD41-AED9AB57CEFB}.AppStore|x64.ActiveCfg = Release|Any CPU
		{2B05DB09-74C7-4C27-BD41-AED9AB57CEFB}.AppStore|x64.Build.0 = Release|Any CPU
		{2B05DB09-74C7-4C27-BD41-AED9AB57CEFB}.AppStore|x64.Deploy.0 = Release|Any CPU
		{2B05DB09-74C7-4C27-BD41-AED9AB57CEFB}.AppStore|x86.ActiveCfg = Release|Any CPU
		{2B05DB09-74C7-4C27-BD41-AED9AB57CEFB}.AppStore|x86.Build.0 = Release|Any CPU
		{2B05DB09-74C7-4C27-BD41-AED9AB57CEFB}.AppStore|x86.Deploy.0 = Release|Any CPU
		{2B05DB09-74C7-4C27-BD41-AED9AB57CEFB}.Debug|Any CPU.ActiveCfg = Debug|Any CPU
		{2B05DB09-74C7-4C27-BD41-AED9AB57CEFB}.Debug|Any CPU.Build.0 = Debug|Any CPU
		{2B05DB09-74C7-4C27-BD41-AED9AB57CEFB}.Debug|Any CPU.Deploy.0 = Debug|Any CPU
		{2B05DB09-74C7-4C27-BD41-AED9AB57CEFB}.Debug|ARM.ActiveCfg = Debug|Any CPU
		{2B05DB09-74C7-4C27-BD41-AED9AB57CEFB}.Debug|ARM.Build.0 = Debug|Any CPU
		{2B05DB09-74C7-4C27-BD41-AED9AB57CEFB}.Debug|ARM.Deploy.0 = Debug|Any CPU
		{2B05DB09-74C7-4C27-BD41-AED9AB57CEFB}.Debug|iPhone.ActiveCfg = Debug|Any CPU
		{2B05DB09-74C7-4C27-BD41-AED9AB57CEFB}.Debug|iPhone.Build.0 = Debug|Any CPU
		{2B05DB09-74C7-4C27-BD41-AED9AB57CEFB}.Debug|iPhone.Deploy.0 = Debug|Any CPU
		{2B05DB09-74C7-4C27-BD41-AED9AB57CEFB}.Debug|iPhoneSimulator.ActiveCfg = Debug|Any CPU
		{2B05DB09-74C7-4C27-BD41-AED9AB57CEFB}.Debug|iPhoneSimulator.Build.0 = Debug|Any CPU
		{2B05DB09-74C7-4C27-BD41-AED9AB57CEFB}.Debug|iPhoneSimulator.Deploy.0 = Debug|Any CPU
		{2B05DB09-74C7-4C27-BD41-AED9AB57CEFB}.Debug|x64.ActiveCfg = Debug|Any CPU
		{2B05DB09-74C7-4C27-BD41-AED9AB57CEFB}.Debug|x64.Build.0 = Debug|Any CPU
		{2B05DB09-74C7-4C27-BD41-AED9AB57CEFB}.Debug|x64.Deploy.0 = Debug|Any CPU
		{2B05DB09-74C7-4C27-BD41-AED9AB57CEFB}.Debug|x86.ActiveCfg = Debug|Any CPU
		{2B05DB09-74C7-4C27-BD41-AED9AB57CEFB}.Debug|x86.Build.0 = Debug|Any CPU
		{2B05DB09-74C7-4C27-BD41-AED9AB57CEFB}.Debug|x86.Deploy.0 = Debug|Any CPU
		{2B05DB09-74C7-4C27-BD41-AED9AB57CEFB}.Release|Any CPU.ActiveCfg = Release|Any CPU
		{2B05DB09-74C7-4C27-BD41-AED9AB57CEFB}.Release|Any CPU.Build.0 = Release|Any CPU
		{2B05DB09-74C7-4C27-BD41-AED9AB57CEFB}.Release|Any CPU.Deploy.0 = Release|Any CPU
		{2B05DB09-74C7-4C27-BD41-AED9AB57CEFB}.Release|ARM.ActiveCfg = Release|Any CPU
		{2B05DB09-74C7-4C27-BD41-AED9AB57CEFB}.Release|ARM.Build.0 = Release|Any CPU
		{2B05DB09-74C7-4C27-BD41-AED9AB57CEFB}.Release|ARM.Deploy.0 = Release|Any CPU
		{2B05DB09-74C7-4C27-BD41-AED9AB57CEFB}.Release|iPhone.ActiveCfg = Release|Any CPU
		{2B05DB09-74C7-4C27-BD41-AED9AB57CEFB}.Release|iPhone.Build.0 = Release|Any CPU
		{2B05DB09-74C7-4C27-BD41-AED9AB57CEFB}.Release|iPhone.Deploy.0 = Release|Any CPU
		{2B05DB09-74C7-4C27-BD41-AED9AB57CEFB}.Release|iPhoneSimulator.ActiveCfg = Release|Any CPU
		{2B05DB09-74C7-4C27-BD41-AED9AB57CEFB}.Release|iPhoneSimulator.Build.0 = Release|Any CPU
		{2B05DB09-74C7-4C27-BD41-AED9AB57CEFB}.Release|iPhoneSimulator.Deploy.0 = Release|Any CPU
		{2B05DB09-74C7-4C27-BD41-AED9AB57CEFB}.Release|x64.ActiveCfg = Release|Any CPU
		{2B05DB09-74C7-4C27-BD41-AED9AB57CEFB}.Release|x64.Build.0 = Release|Any CPU
		{2B05DB09-74C7-4C27-BD41-AED9AB57CEFB}.Release|x64.Deploy.0 = Release|Any CPU
		{2B05DB09-74C7-4C27-BD41-AED9AB57CEFB}.Release|x86.ActiveCfg = Release|Any CPU
		{2B05DB09-74C7-4C27-BD41-AED9AB57CEFB}.Release|x86.Build.0 = Release|Any CPU
		{2B05DB09-74C7-4C27-BD41-AED9AB57CEFB}.Release|x86.Deploy.0 = Release|Any CPU
		{92F400B7-6278-4DC3-AA18-B624CC85265C}.Ad-Hoc|Any CPU.ActiveCfg = Release|Any CPU
		{92F400B7-6278-4DC3-AA18-B624CC85265C}.Ad-Hoc|Any CPU.Build.0 = Release|Any CPU
		{92F400B7-6278-4DC3-AA18-B624CC85265C}.Ad-Hoc|ARM.ActiveCfg = Release|Any CPU
		{92F400B7-6278-4DC3-AA18-B624CC85265C}.Ad-Hoc|ARM.Build.0 = Release|Any CPU
		{92F400B7-6278-4DC3-AA18-B624CC85265C}.Ad-Hoc|iPhone.ActiveCfg = Release|Any CPU
		{92F400B7-6278-4DC3-AA18-B624CC85265C}.Ad-Hoc|iPhone.Build.0 = Release|Any CPU
		{92F400B7-6278-4DC3-AA18-B624CC85265C}.Ad-Hoc|iPhoneSimulator.ActiveCfg = Release|Any CPU
		{92F400B7-6278-4DC3-AA18-B624CC85265C}.Ad-Hoc|iPhoneSimulator.Build.0 = Release|Any CPU
		{92F400B7-6278-4DC3-AA18-B624CC85265C}.Ad-Hoc|x64.ActiveCfg = Release|Any CPU
		{92F400B7-6278-4DC3-AA18-B624CC85265C}.Ad-Hoc|x64.Build.0 = Release|Any CPU
		{92F400B7-6278-4DC3-AA18-B624CC85265C}.Ad-Hoc|x86.ActiveCfg = Release|Any CPU
		{92F400B7-6278-4DC3-AA18-B624CC85265C}.Ad-Hoc|x86.Build.0 = Release|Any CPU
		{92F400B7-6278-4DC3-AA18-B624CC85265C}.AppStore|Any CPU.ActiveCfg = Release|Any CPU
		{92F400B7-6278-4DC3-AA18-B624CC85265C}.AppStore|Any CPU.Build.0 = Release|Any CPU
		{92F400B7-6278-4DC3-AA18-B624CC85265C}.AppStore|ARM.ActiveCfg = Release|Any CPU
		{92F400B7-6278-4DC3-AA18-B624CC85265C}.AppStore|ARM.Build.0 = Release|Any CPU
		{92F400B7-6278-4DC3-AA18-B624CC85265C}.AppStore|iPhone.ActiveCfg = Release|Any CPU
		{92F400B7-6278-4DC3-AA18-B624CC85265C}.AppStore|iPhone.Build.0 = Release|Any CPU
		{92F400B7-6278-4DC3-AA18-B624CC85265C}.AppStore|iPhoneSimulator.ActiveCfg = Release|Any CPU
		{92F400B7-6278-4DC3-AA18-B624CC85265C}.AppStore|iPhoneSimulator.Build.0 = Release|Any CPU
		{92F400B7-6278-4DC3-AA18-B624CC85265C}.AppStore|x64.ActiveCfg = Release|Any CPU
		{92F400B7-6278-4DC3-AA18-B624CC85265C}.AppStore|x64.Build.0 = Release|Any CPU
		{92F400B7-6278-4DC3-AA18-B624CC85265C}.AppStore|x86.ActiveCfg = Release|Any CPU
		{92F400B7-6278-4DC3-AA18-B624CC85265C}.AppStore|x86.Build.0 = Release|Any CPU
		{92F400B7-6278-4DC3-AA18-B624CC85265C}.Debug|Any CPU.ActiveCfg = Debug|Any CPU
		{92F400B7-6278-4DC3-AA18-B624CC85265C}.Debug|Any CPU.Build.0 = Debug|Any CPU
		{92F400B7-6278-4DC3-AA18-B624CC85265C}.Debug|ARM.ActiveCfg = Debug|Any CPU
		{92F400B7-6278-4DC3-AA18-B624CC85265C}.Debug|ARM.Build.0 = Debug|Any CPU
		{92F400B7-6278-4DC3-AA18-B624CC85265C}.Debug|iPhone.ActiveCfg = Debug|Any CPU
		{92F400B7-6278-4DC3-AA18-B624CC85265C}.Debug|iPhone.Build.0 = Debug|Any CPU
		{92F400B7-6278-4DC3-AA18-B624CC85265C}.Debug|iPhoneSimulator.ActiveCfg = Debug|Any CPU
		{92F400B7-6278-4DC3-AA18-B624CC85265C}.Debug|iPhoneSimulator.Build.0 = Debug|Any CPU
		{92F400B7-6278-4DC3-AA18-B624CC85265C}.Debug|x64.ActiveCfg = Debug|Any CPU
		{92F400B7-6278-4DC3-AA18-B624CC85265C}.Debug|x64.Build.0 = Debug|Any CPU
		{92F400B7-6278-4DC3-AA18-B624CC85265C}.Debug|x86.ActiveCfg = Debug|Any CPU
		{92F400B7-6278-4DC3-AA18-B624CC85265C}.Debug|x86.Build.0 = Debug|Any CPU
		{92F400B7-6278-4DC3-AA18-B624CC85265C}.Release|Any CPU.ActiveCfg = Release|Any CPU
		{92F400B7-6278-4DC3-AA18-B624CC85265C}.Release|Any CPU.Build.0 = Release|Any CPU
		{92F400B7-6278-4DC3-AA18-B624CC85265C}.Release|ARM.ActiveCfg = Release|Any CPU
		{92F400B7-6278-4DC3-AA18-B624CC85265C}.Release|ARM.Build.0 = Release|Any CPU
		{92F400B7-6278-4DC3-AA18-B624CC85265C}.Release|iPhone.ActiveCfg = Release|Any CPU
		{92F400B7-6278-4DC3-AA18-B624CC85265C}.Release|iPhone.Build.0 = Release|Any CPU
		{92F400B7-6278-4DC3-AA18-B624CC85265C}.Release|iPhoneSimulator.ActiveCfg = Release|Any CPU
		{92F400B7-6278-4DC3-AA18-B624CC85265C}.Release|iPhoneSimulator.Build.0 = Release|Any CPU
		{92F400B7-6278-4DC3-AA18-B624CC85265C}.Release|x64.ActiveCfg = Release|Any CPU
		{92F400B7-6278-4DC3-AA18-B624CC85265C}.Release|x64.Build.0 = Release|Any CPU
		{92F400B7-6278-4DC3-AA18-B624CC85265C}.Release|x86.ActiveCfg = Release|Any CPU
		{92F400B7-6278-4DC3-AA18-B624CC85265C}.Release|x86.Build.0 = Release|Any CPU
		{309A01F9-DC95-43B1-B31B-E3848FEB3BCD}.Ad-Hoc|Any CPU.ActiveCfg = Release|x86
		{309A01F9-DC95-43B1-B31B-E3848FEB3BCD}.Ad-Hoc|Any CPU.Build.0 = Release|x86
		{309A01F9-DC95-43B1-B31B-E3848FEB3BCD}.Ad-Hoc|Any CPU.Deploy.0 = Release|x86
		{309A01F9-DC95-43B1-B31B-E3848FEB3BCD}.Ad-Hoc|ARM.ActiveCfg = Release|ARM
		{309A01F9-DC95-43B1-B31B-E3848FEB3BCD}.Ad-Hoc|ARM.Build.0 = Release|ARM
		{309A01F9-DC95-43B1-B31B-E3848FEB3BCD}.Ad-Hoc|ARM.Deploy.0 = Release|ARM
		{309A01F9-DC95-43B1-B31B-E3848FEB3BCD}.Ad-Hoc|iPhone.ActiveCfg = Release|x86
		{309A01F9-DC95-43B1-B31B-E3848FEB3BCD}.Ad-Hoc|iPhone.Build.0 = Release|x86
		{309A01F9-DC95-43B1-B31B-E3848FEB3BCD}.Ad-Hoc|iPhone.Deploy.0 = Release|x86
		{309A01F9-DC95-43B1-B31B-E3848FEB3BCD}.Ad-Hoc|iPhoneSimulator.ActiveCfg = Release|x86
		{309A01F9-DC95-43B1-B31B-E3848FEB3BCD}.Ad-Hoc|iPhoneSimulator.Build.0 = Release|x86
		{309A01F9-DC95-43B1-B31B-E3848FEB3BCD}.Ad-Hoc|iPhoneSimulator.Deploy.0 = Release|x86
		{309A01F9-DC95-43B1-B31B-E3848FEB3BCD}.Ad-Hoc|x64.ActiveCfg = Release|x64
		{309A01F9-DC95-43B1-B31B-E3848FEB3BCD}.Ad-Hoc|x64.Build.0 = Release|x64
		{309A01F9-DC95-43B1-B31B-E3848FEB3BCD}.Ad-Hoc|x64.Deploy.0 = Release|x64
		{309A01F9-DC95-43B1-B31B-E3848FEB3BCD}.Ad-Hoc|x86.ActiveCfg = Release|x86
		{309A01F9-DC95-43B1-B31B-E3848FEB3BCD}.Ad-Hoc|x86.Build.0 = Release|x86
		{309A01F9-DC95-43B1-B31B-E3848FEB3BCD}.Ad-Hoc|x86.Deploy.0 = Release|x86
		{309A01F9-DC95-43B1-B31B-E3848FEB3BCD}.AppStore|Any CPU.ActiveCfg = Release|x86
		{309A01F9-DC95-43B1-B31B-E3848FEB3BCD}.AppStore|Any CPU.Build.0 = Release|x86
		{309A01F9-DC95-43B1-B31B-E3848FEB3BCD}.AppStore|Any CPU.Deploy.0 = Release|x86
		{309A01F9-DC95-43B1-B31B-E3848FEB3BCD}.AppStore|ARM.ActiveCfg = Release|ARM
		{309A01F9-DC95-43B1-B31B-E3848FEB3BCD}.AppStore|ARM.Build.0 = Release|ARM
		{309A01F9-DC95-43B1-B31B-E3848FEB3BCD}.AppStore|ARM.Deploy.0 = Release|ARM
		{309A01F9-DC95-43B1-B31B-E3848FEB3BCD}.AppStore|iPhone.ActiveCfg = Release|x86
		{309A01F9-DC95-43B1-B31B-E3848FEB3BCD}.AppStore|iPhone.Build.0 = Release|x86
		{309A01F9-DC95-43B1-B31B-E3848FEB3BCD}.AppStore|iPhone.Deploy.0 = Release|x86
		{309A01F9-DC95-43B1-B31B-E3848FEB3BCD}.AppStore|iPhoneSimulator.ActiveCfg = Release|x86
		{309A01F9-DC95-43B1-B31B-E3848FEB3BCD}.AppStore|iPhoneSimulator.Build.0 = Release|x86
		{309A01F9-DC95-43B1-B31B-E3848FEB3BCD}.AppStore|iPhoneSimulator.Deploy.0 = Release|x86
		{309A01F9-DC95-43B1-B31B-E3848FEB3BCD}.AppStore|x64.ActiveCfg = Release|x64
		{309A01F9-DC95-43B1-B31B-E3848FEB3BCD}.AppStore|x64.Build.0 = Release|x64
		{309A01F9-DC95-43B1-B31B-E3848FEB3BCD}.AppStore|x64.Deploy.0 = Release|x64
		{309A01F9-DC95-43B1-B31B-E3848FEB3BCD}.AppStore|x86.ActiveCfg = Release|x86
		{309A01F9-DC95-43B1-B31B-E3848FEB3BCD}.AppStore|x86.Build.0 = Release|x86
		{309A01F9-DC95-43B1-B31B-E3848FEB3BCD}.AppStore|x86.Deploy.0 = Release|x86
		{309A01F9-DC95-43B1-B31B-E3848FEB3BCD}.Debug|Any CPU.ActiveCfg = Debug|x86
		{309A01F9-DC95-43B1-B31B-E3848FEB3BCD}.Debug|ARM.ActiveCfg = Debug|ARM
		{309A01F9-DC95-43B1-B31B-E3848FEB3BCD}.Debug|ARM.Build.0 = Debug|ARM
		{309A01F9-DC95-43B1-B31B-E3848FEB3BCD}.Debug|ARM.Deploy.0 = Debug|ARM
		{309A01F9-DC95-43B1-B31B-E3848FEB3BCD}.Debug|iPhone.ActiveCfg = Debug|x86
		{309A01F9-DC95-43B1-B31B-E3848FEB3BCD}.Debug|iPhoneSimulator.ActiveCfg = Debug|x86
		{309A01F9-DC95-43B1-B31B-E3848FEB3BCD}.Debug|x64.ActiveCfg = Debug|x64
		{309A01F9-DC95-43B1-B31B-E3848FEB3BCD}.Debug|x64.Build.0 = Debug|x64
		{309A01F9-DC95-43B1-B31B-E3848FEB3BCD}.Debug|x64.Deploy.0 = Debug|x64
		{309A01F9-DC95-43B1-B31B-E3848FEB3BCD}.Debug|x86.ActiveCfg = Debug|x86
		{309A01F9-DC95-43B1-B31B-E3848FEB3BCD}.Debug|x86.Build.0 = Debug|x86
		{309A01F9-DC95-43B1-B31B-E3848FEB3BCD}.Debug|x86.Deploy.0 = Debug|x86
		{309A01F9-DC95-43B1-B31B-E3848FEB3BCD}.Release|Any CPU.ActiveCfg = Release|x86
		{309A01F9-DC95-43B1-B31B-E3848FEB3BCD}.Release|ARM.ActiveCfg = Release|ARM
		{309A01F9-DC95-43B1-B31B-E3848FEB3BCD}.Release|ARM.Build.0 = Release|ARM
		{309A01F9-DC95-43B1-B31B-E3848FEB3BCD}.Release|ARM.Deploy.0 = Release|ARM
		{309A01F9-DC95-43B1-B31B-E3848FEB3BCD}.Release|iPhone.ActiveCfg = Release|x86
		{309A01F9-DC95-43B1-B31B-E3848FEB3BCD}.Release|iPhoneSimulator.ActiveCfg = Release|x86
		{309A01F9-DC95-43B1-B31B-E3848FEB3BCD}.Release|x64.ActiveCfg = Release|x64
		{309A01F9-DC95-43B1-B31B-E3848FEB3BCD}.Release|x64.Build.0 = Release|x64
		{309A01F9-DC95-43B1-B31B-E3848FEB3BCD}.Release|x64.Deploy.0 = Release|x64
		{309A01F9-DC95-43B1-B31B-E3848FEB3BCD}.Release|x86.ActiveCfg = Release|x86
		{309A01F9-DC95-43B1-B31B-E3848FEB3BCD}.Release|x86.Build.0 = Release|x86
		{309A01F9-DC95-43B1-B31B-E3848FEB3BCD}.Release|x86.Deploy.0 = Release|x86
		{0BCC67B6-D66F-4942-9565-5F09C91EA4FE}.Ad-Hoc|Any CPU.ActiveCfg = Ad-Hoc|iPhone
		{0BCC67B6-D66F-4942-9565-5F09C91EA4FE}.Ad-Hoc|ARM.ActiveCfg = Ad-Hoc|iPhone
		{0BCC67B6-D66F-4942-9565-5F09C91EA4FE}.Ad-Hoc|iPhone.ActiveCfg = Ad-Hoc|iPhone
		{0BCC67B6-D66F-4942-9565-5F09C91EA4FE}.Ad-Hoc|iPhone.Build.0 = Ad-Hoc|iPhone
		{0BCC67B6-D66F-4942-9565-5F09C91EA4FE}.Ad-Hoc|iPhoneSimulator.ActiveCfg = Ad-Hoc|iPhoneSimulator
		{0BCC67B6-D66F-4942-9565-5F09C91EA4FE}.Ad-Hoc|iPhoneSimulator.Build.0 = Ad-Hoc|iPhoneSimulator
		{0BCC67B6-D66F-4942-9565-5F09C91EA4FE}.Ad-Hoc|x64.ActiveCfg = Ad-Hoc|iPhone
		{0BCC67B6-D66F-4942-9565-5F09C91EA4FE}.Ad-Hoc|x86.ActiveCfg = Ad-Hoc|iPhone
		{0BCC67B6-D66F-4942-9565-5F09C91EA4FE}.AppStore|Any CPU.ActiveCfg = AppStore|iPhone
		{0BCC67B6-D66F-4942-9565-5F09C91EA4FE}.AppStore|ARM.ActiveCfg = AppStore|iPhone
		{0BCC67B6-D66F-4942-9565-5F09C91EA4FE}.AppStore|iPhone.ActiveCfg = AppStore|iPhone
		{0BCC67B6-D66F-4942-9565-5F09C91EA4FE}.AppStore|iPhone.Build.0 = AppStore|iPhone
		{0BCC67B6-D66F-4942-9565-5F09C91EA4FE}.AppStore|iPhoneSimulator.ActiveCfg = AppStore|iPhoneSimulator
		{0BCC67B6-D66F-4942-9565-5F09C91EA4FE}.AppStore|iPhoneSimulator.Build.0 = AppStore|iPhoneSimulator
		{0BCC67B6-D66F-4942-9565-5F09C91EA4FE}.AppStore|x64.ActiveCfg = AppStore|iPhone
		{0BCC67B6-D66F-4942-9565-5F09C91EA4FE}.AppStore|x86.ActiveCfg = AppStore|iPhone
		{0BCC67B6-D66F-4942-9565-5F09C91EA4FE}.Debug|Any CPU.ActiveCfg = Debug|iPhone
		{0BCC67B6-D66F-4942-9565-5F09C91EA4FE}.Debug|ARM.ActiveCfg = Debug|iPhone
		{0BCC67B6-D66F-4942-9565-5F09C91EA4FE}.Debug|iPhone.ActiveCfg = Debug|iPhone
		{0BCC67B6-D66F-4942-9565-5F09C91EA4FE}.Debug|iPhone.Build.0 = Debug|iPhone
		{0BCC67B6-D66F-4942-9565-5F09C91EA4FE}.Debug|iPhoneSimulator.ActiveCfg = Debug|iPhoneSimulator
		{0BCC67B6-D66F-4942-9565-5F09C91EA4FE}.Debug|iPhoneSimulator.Build.0 = Debug|iPhoneSimulator
		{0BCC67B6-D66F-4942-9565-5F09C91EA4FE}.Debug|x64.ActiveCfg = Debug|iPhone
		{0BCC67B6-D66F-4942-9565-5F09C91EA4FE}.Debug|x86.ActiveCfg = Debug|iPhone
		{0BCC67B6-D66F-4942-9565-5F09C91EA4FE}.Release|Any CPU.ActiveCfg = Release|iPhone
		{0BCC67B6-D66F-4942-9565-5F09C91EA4FE}.Release|ARM.ActiveCfg = Release|iPhone
		{0BCC67B6-D66F-4942-9565-5F09C91EA4FE}.Release|iPhone.ActiveCfg = Release|iPhone
		{0BCC67B6-D66F-4942-9565-5F09C91EA4FE}.Release|iPhone.Build.0 = Release|iPhone
		{0BCC67B6-D66F-4942-9565-5F09C91EA4FE}.Release|iPhoneSimulator.ActiveCfg = Release|iPhoneSimulator
		{0BCC67B6-D66F-4942-9565-5F09C91EA4FE}.Release|iPhoneSimulator.Build.0 = Release|iPhoneSimulator
		{0BCC67B6-D66F-4942-9565-5F09C91EA4FE}.Release|x64.ActiveCfg = Release|iPhone
		{0BCC67B6-D66F-4942-9565-5F09C91EA4FE}.Release|x86.ActiveCfg = Release|iPhone
	EndGlobalSection
	GlobalSection(SolutionProperties) = preSolution
		HideSolutionNode = FALSE
	EndGlobalSection
	GlobalSection(NestedProjects) = preSolution
		{BF5E0026-CD71-43C6-A60B-A3CE1132729D} = {E67AF451-7086-4315-AB0E-BF9172FA5CA6}
		{743F9D7F-F783-4082-9DCE-DFF70DEB8541} = {E67AF451-7086-4315-AB0E-BF9172FA5CA6}
		{9FA2B078-0E45-4E64-BC59-044CCD607761} = {E67AF451-7086-4315-AB0E-BF9172FA5CA6}
		{23DB3A05-1F20-4A66-B3F4-5AD589555B19} = {E67AF451-7086-4315-AB0E-BF9172FA5CA6}
		{2B05DB09-74C7-4C27-BD41-AED9AB57CEFB} = {4A312B90-6D2D-4A76-946B-E70212A1D4BE}
		{92F400B7-6278-4DC3-AA18-B624CC85265C} = {4A312B90-6D2D-4A76-946B-E70212A1D4BE}
		{309A01F9-DC95-43B1-B31B-E3848FEB3BCD} = {4A312B90-6D2D-4A76-946B-E70212A1D4BE}
		{0BCC67B6-D66F-4942-9565-5F09C91EA4FE} = {4A312B90-6D2D-4A76-946B-E70212A1D4BE}
	EndGlobalSection
EndGlobal
