
Microsoft Visual Studio Solution File, Format Version 12.00
# Visual Studio 14
VisualStudioVersion = 14.0.25420.1
MinimumVisualStudioVersion = 10.0.40219.1
Project("{FAE04EC0-301F-11D3-BF4B-00C04F79EFBC}") = "Server.RemoteControl", "Server\Server.RemoteControll\Server.RemoteControl.csproj", "{BF5E0026-CD71-43C6-A60B-A3CE1132729D}"
EndProject
Project("{2150E333-8FDC-42A3-9474-1A3956D46DE8}") = "Server", "Server", "{E67AF451-7086-4315-AB0E-BF9172FA5CA6}"
EndProject
Project("{FAE04EC0-301F-11D3-BF4B-00C04F79EFBC}") = "Server.PiApp", "Server\Server.ShaApp\Server.PiApp.csproj", "{743F9D7F-F783-4082-9DCE-DFF70DEB8541}"
EndProject
Project("{FAE04EC0-301F-11D3-BF4B-00C04F79EFBC}") = "Server.Data", "Server\Server.Data\Server.Data.csproj", "{9FA2B078-0E45-4E64-BC59-044CCD607761}"
EndProject
Project("{FAE04EC0-301F-11D3-BF4B-00C04F79EFBC}") = "Server.BackgroundApp", "Server\Server.BackgroundApp\Server.BackgroundApp.csproj", "{23DB3A05-1F20-4A66-B3F4-5AD589555B19}"
EndProject
Global
	GlobalSection(SolutionConfigurationPlatforms) = preSolution
		Debug|Any CPU = Debug|Any CPU
		Debug|ARM = Debug|ARM
		Debug|x64 = Debug|x64
		Debug|x86 = Debug|x86
		Release|Any CPU = Release|Any CPU
		Release|ARM = Release|ARM
		Release|x64 = Release|x64
		Release|x86 = Release|x86
	EndGlobalSection
	GlobalSection(ProjectConfigurationPlatforms) = postSolution
		{BF5E0026-CD71-43C6-A60B-A3CE1132729D}.Debug|Any CPU.ActiveCfg = Debug|Any CPU
		{BF5E0026-CD71-43C6-A60B-A3CE1132729D}.Debug|Any CPU.Build.0 = Debug|Any CPU
		{BF5E0026-CD71-43C6-A60B-A3CE1132729D}.Debug|ARM.ActiveCfg = Debug|ARM
		{BF5E0026-CD71-43C6-A60B-A3CE1132729D}.Debug|ARM.Build.0 = Debug|ARM
		{BF5E0026-CD71-43C6-A60B-A3CE1132729D}.Debug|x64.ActiveCfg = Debug|x64
		{BF5E0026-CD71-43C6-A60B-A3CE1132729D}.Debug|x64.Build.0 = Debug|x64
		{BF5E0026-CD71-43C6-A60B-A3CE1132729D}.Debug|x86.ActiveCfg = Debug|x86
		{BF5E0026-CD71-43C6-A60B-A3CE1132729D}.Debug|x86.Build.0 = Debug|x86
		{BF5E0026-CD71-43C6-A60B-A3CE1132729D}.Release|Any CPU.ActiveCfg = Release|Any CPU
		{BF5E0026-CD71-43C6-A60B-A3CE1132729D}.Release|Any CPU.Build.0 = Release|Any CPU
		{BF5E0026-CD71-43C6-A60B-A3CE1132729D}.Release|ARM.ActiveCfg = Release|ARM
		{BF5E0026-CD71-43C6-A60B-A3CE1132729D}.Release|ARM.Build.0 = Release|ARM
		{BF5E0026-CD71-43C6-A60B-A3CE1132729D}.Release|x64.ActiveCfg = Release|x64
		{BF5E0026-CD71-43C6-A60B-A3CE1132729D}.Release|x64.Build.0 = Release|x64
		{BF5E0026-CD71-43C6-A60B-A3CE1132729D}.Release|x86.ActiveCfg = Release|x86
		{BF5E0026-CD71-43C6-A60B-A3CE1132729D}.Release|x86.Build.0 = Release|x86
		{743F9D7F-F783-4082-9DCE-DFF70DEB8541}.Debug|Any CPU.ActiveCfg = Debug|x86
		{743F9D7F-F783-4082-9DCE-DFF70DEB8541}.Debug|ARM.ActiveCfg = Debug|ARM
		{743F9D7F-F783-4082-9DCE-DFF70DEB8541}.Debug|ARM.Build.0 = Debug|ARM
		{743F9D7F-F783-4082-9DCE-DFF70DEB8541}.Debug|ARM.Deploy.0 = Debug|ARM
		{743F9D7F-F783-4082-9DCE-DFF70DEB8541}.Debug|x64.ActiveCfg = Debug|x64
		{743F9D7F-F783-4082-9DCE-DFF70DEB8541}.Debug|x64.Build.0 = Debug|x64
		{743F9D7F-F783-4082-9DCE-DFF70DEB8541}.Debug|x64.Deploy.0 = Debug|x64
		{743F9D7F-F783-4082-9DCE-DFF70DEB8541}.Debug|x86.ActiveCfg = Debug|x86
		{743F9D7F-F783-4082-9DCE-DFF70DEB8541}.Debug|x86.Build.0 = Debug|x86
		{743F9D7F-F783-4082-9DCE-DFF70DEB8541}.Debug|x86.Deploy.0 = Debug|x86
		{743F9D7F-F783-4082-9DCE-DFF70DEB8541}.Release|Any CPU.ActiveCfg = Release|x86
		{743F9D7F-F783-4082-9DCE-DFF70DEB8541}.Release|ARM.ActiveCfg = Release|ARM
		{743F9D7F-F783-4082-9DCE-DFF70DEB8541}.Release|ARM.Build.0 = Release|ARM
		{743F9D7F-F783-4082-9DCE-DFF70DEB8541}.Release|ARM.Deploy.0 = Release|ARM
		{743F9D7F-F783-4082-9DCE-DFF70DEB8541}.Release|x64.ActiveCfg = Release|x64
		{743F9D7F-F783-4082-9DCE-DFF70DEB8541}.Release|x64.Build.0 = Release|x64
		{743F9D7F-F783-4082-9DCE-DFF70DEB8541}.Release|x64.Deploy.0 = Release|x64
		{743F9D7F-F783-4082-9DCE-DFF70DEB8541}.Release|x86.ActiveCfg = Release|x86
		{743F9D7F-F783-4082-9DCE-DFF70DEB8541}.Release|x86.Build.0 = Release|x86
		{743F9D7F-F783-4082-9DCE-DFF70DEB8541}.Release|x86.Deploy.0 = Release|x86
		{9FA2B078-0E45-4E64-BC59-044CCD607761}.Debug|Any CPU.ActiveCfg = Debug|Any CPU
		{9FA2B078-0E45-4E64-BC59-044CCD607761}.Debug|Any CPU.Build.0 = Debug|Any CPU
		{9FA2B078-0E45-4E64-BC59-044CCD607761}.Debug|ARM.ActiveCfg = Debug|ARM
		{9FA2B078-0E45-4E64-BC59-044CCD607761}.Debug|ARM.Build.0 = Debug|ARM
		{9FA2B078-0E45-4E64-BC59-044CCD607761}.Debug|x64.ActiveCfg = Debug|x64
		{9FA2B078-0E45-4E64-BC59-044CCD607761}.Debug|x64.Build.0 = Debug|x64
		{9FA2B078-0E45-4E64-BC59-044CCD607761}.Debug|x86.ActiveCfg = Debug|x86
		{9FA2B078-0E45-4E64-BC59-044CCD607761}.Debug|x86.Build.0 = Debug|x86
		{9FA2B078-0E45-4E64-BC59-044CCD607761}.Release|Any CPU.ActiveCfg = Release|Any CPU
		{9FA2B078-0E45-4E64-BC59-044CCD607761}.Release|Any CPU.Build.0 = Release|Any CPU
		{9FA2B078-0E45-4E64-BC59-044CCD607761}.Release|ARM.ActiveCfg = Release|ARM
		{9FA2B078-0E45-4E64-BC59-044CCD607761}.Release|ARM.Build.0 = Release|ARM
		{9FA2B078-0E45-4E64-BC59-044CCD607761}.Release|x64.ActiveCfg = Release|x64
		{9FA2B078-0E45-4E64-BC59-044CCD607761}.Release|x64.Build.0 = Release|x64
		{9FA2B078-0E45-4E64-BC59-044CCD607761}.Release|x86.ActiveCfg = Release|x86
		{9FA2B078-0E45-4E64-BC59-044CCD607761}.Release|x86.Build.0 = Release|x86
		{23DB3A05-1F20-4A66-B3F4-5AD589555B19}.Debug|Any CPU.ActiveCfg = Debug|x86
		{23DB3A05-1F20-4A66-B3F4-5AD589555B19}.Debug|ARM.ActiveCfg = Debug|ARM
		{23DB3A05-1F20-4A66-B3F4-5AD589555B19}.Debug|ARM.Build.0 = Debug|ARM
		{23DB3A05-1F20-4A66-B3F4-5AD589555B19}.Debug|ARM.Deploy.0 = Debug|ARM
		{23DB3A05-1F20-4A66-B3F4-5AD589555B19}.Debug|x64.ActiveCfg = Debug|x64
		{23DB3A05-1F20-4A66-B3F4-5AD589555B19}.Debug|x64.Build.0 = Debug|x64
		{23DB3A05-1F20-4A66-B3F4-5AD589555B19}.Debug|x64.Deploy.0 = Debug|x64
		{23DB3A05-1F20-4A66-B3F4-5AD589555B19}.Debug|x86.ActiveCfg = Debug|x86
		{23DB3A05-1F20-4A66-B3F4-5AD589555B19}.Debug|x86.Build.0 = Debug|x86
		{23DB3A05-1F20-4A66-B3F4-5AD589555B19}.Debug|x86.Deploy.0 = Debug|x86
		{23DB3A05-1F20-4A66-B3F4-5AD589555B19}.Release|Any CPU.ActiveCfg = Release|x86
		{23DB3A05-1F20-4A66-B3F4-5AD589555B19}.Release|ARM.ActiveCfg = Release|ARM
		{23DB3A05-1F20-4A66-B3F4-5AD589555B19}.Release|ARM.Build.0 = Release|ARM
		{23DB3A05-1F20-4A66-B3F4-5AD589555B19}.Release|ARM.Deploy.0 = Release|ARM
		{23DB3A05-1F20-4A66-B3F4-5AD589555B19}.Release|x64.ActiveCfg = Release|x64
		{23DB3A05-1F20-4A66-B3F4-5AD589555B19}.Release|x64.Build.0 = Release|x64
		{23DB3A05-1F20-4A66-B3F4-5AD589555B19}.Release|x64.Deploy.0 = Release|x64
		{23DB3A05-1F20-4A66-B3F4-5AD589555B19}.Release|x86.ActiveCfg = Release|x86
		{23DB3A05-1F20-4A66-B3F4-5AD589555B19}.Release|x86.Build.0 = Release|x86
		{23DB3A05-1F20-4A66-B3F4-5AD589555B19}.Release|x86.Deploy.0 = Release|x86
	EndGlobalSection
	GlobalSection(SolutionProperties) = preSolution
		HideSolutionNode = FALSE
	EndGlobalSection
	GlobalSection(NestedProjects) = preSolution
		{BF5E0026-CD71-43C6-A60B-A3CE1132729D} = {E67AF451-7086-4315-AB0E-BF9172FA5CA6}
		{743F9D7F-F783-4082-9DCE-DFF70DEB8541} = {E67AF451-7086-4315-AB0E-BF9172FA5CA6}
		{9FA2B078-0E45-4E64-BC59-044CCD607761} = {E67AF451-7086-4315-AB0E-BF9172FA5CA6}
		{23DB3A05-1F20-4A66-B3F4-5AD589555B19} = {E67AF451-7086-4315-AB0E-BF9172FA5CA6}
	EndGlobalSection
EndGlobal
